{
  "nodes": {
    "loguru": {
      "flake": false,
      "locked": {
        "lastModified": 1660058337,
        "narHash": "sha256-dA04+Myd8YJmEVTekZxXObMZP2wUNiTJrlOGKjUN2EM=",
        "owner": "emilk",
        "repo": "loguru",
        "rev": "644f60dca77de3b0f718a03d370c8ebdf5f97968",
        "type": "github"
      },
      "original": {
        "owner": "emilk",
        "repo": "loguru",
        "type": "github"
      }
    },
    "nixpkgs": {
      "locked": {
        "lastModified": 1671313200,
        "narHash": "sha256-itZTrtHeDJjV696+ur0/TzkTqb5y3Eb57WRLRPK3rwA=",
        "owner": "NixOS",
        "repo": "nixpkgs",
        "rev": "0938d73bb143f4ae037143572f11f4338c7b2d1c",
        "type": "github"
      },
      "original": {
        "owner": "NixOS",
        "ref": "nixos-22.11",
        "repo": "nixpkgs",
        "type": "github"
      }
    },
    "root": {
      "inputs": {
        "loguru": "loguru",
        "nixpkgs": "nixpkgs",
        "utils": "utils"
      }
    },
    "utils": {
      "locked": {
        "lastModified": 1659877975,
        "narHash": "sha256-zllb8aq3YO3h8B/U0/J1WBgAL8EX5yWf5pMj3G0NAmc=",
        "owner": "numtide",
        "repo": "flake-utils",
        "rev": "c0e246b9b83f637f4681389ecabcb2681b4f3af0",
        "type": "github"
      },
      "original": {
        "owner": "numtide",
        "repo": "flake-utils",
        "type": "github"
      }
    }
  },
  "root": "root",
  "version": 7
}
